
Microsoft Visual Studio Solution File, Format Version 12.00
# Visual Studio Version 17
VisualStudioVersion = 17.12.35527.113
MinimumVisualStudioVersion = 10.0.40219.1
Project("{FAE04EC0-301F-11D3-BF4B-00C04F79EFBC}") = "Forecast.DataAccess.Postgress", "Forecast.DataAccess.Postgress\Forecast.DataAccess.Postgress.csproj", "{90FBD414-BFB4-4905-9BEE-7BDDBB4C77CE}"
EndProject
Project("{FAE04EC0-301F-11D3-BF4B-00C04F79EFBC}") = "ForecastService", "ForecastService\ForecastService.csproj", "{2F97D518-18E3-4E47-A493-79214654BA0F}"
EndProject
Project("{2150E333-8FDC-42A3-9474-1A3956D46DE8}") = "Tests", "Tests", "{DA0583D6-17FC-448F-BBBE-FC1076ED9DBC}"
EndProject
Project("{FAE04EC0-301F-11D3-BF4B-00C04F79EFBC}") = "Tests", "Tests\Tests.csproj", "{FE755D74-B1A3-4092-89EB-3C2CD1C89753}"
EndProject
Global
	GlobalSection(SolutionConfigurationPlatforms) = preSolution
		Debug|Any CPU = Debug|Any CPU
		Release|Any CPU = Release|Any CPU
	EndGlobalSection
	GlobalSection(ProjectConfigurationPlatforms) = postSolution
		{90FBD414-BFB4-4905-9BEE-7BDDBB4C77CE}.Debug|Any CPU.ActiveCfg = Debug|Any CPU
		{90FBD414-BFB4-4905-9BEE-7BDDBB4C77CE}.Debug|Any CPU.Build.0 = Debug|Any CPU
		{90FBD414-BFB4-4905-9BEE-7BDDBB4C77CE}.Release|Any CPU.ActiveCfg = Release|Any CPU
		{90FBD414-BFB4-4905-9BEE-7BDDBB4C77CE}.Release|Any CPU.Build.0 = Release|Any CPU
		{2F97D518-18E3-4E47-A493-79214654BA0F}.Debug|Any CPU.ActiveCfg = Debug|Any CPU
		{2F97D518-18E3-4E47-A493-79214654BA0F}.Debug|Any CPU.Build.0 = Debug|Any CPU
		{2F97D518-18E3-4E47-A493-79214654BA0F}.Release|Any CPU.ActiveCfg = Release|Any CPU
		{2F97D518-18E3-4E47-A493-79214654BA0F}.Release|Any CPU.Build.0 = Release|Any CPU
		{FE755D74-B1A3-4092-89EB-3C2CD1C89753}.Debug|Any CPU.ActiveCfg = Debug|Any CPU
		{FE755D74-B1A3-4092-89EB-3C2CD1C89753}.Debug|Any CPU.Build.0 = Debug|Any CPU
		{FE755D74-B1A3-4092-89EB-3C2CD1C89753}.Release|Any CPU.ActiveCfg = Release|Any CPU
		{FE755D74-B1A3-4092-89EB-3C2CD1C89753}.Release|Any CPU.Build.0 = Release|Any CPU
	EndGlobalSection
	GlobalSection(SolutionProperties) = preSolution
		HideSolutionNode = FALSE
	EndGlobalSection
	GlobalSection(NestedProjects) = preSolution
		{FE755D74-B1A3-4092-89EB-3C2CD1C89753} = {DA0583D6-17FC-448F-BBBE-FC1076ED9DBC}
	EndGlobalSection
EndGlobal
